
Microsoft Visual Studio Solution File, Format Version 12.00
# Visual Studio Version 17
VisualStudioVersion = 17.0.32112.339
MinimumVisualStudioVersion = 10.0.40219.1
Project("{FAE04EC0-301F-11D3-BF4B-00C04F79EFBC}") = "WpfApp_Chimpanzee", "WpfApp_Chimpanzee.csproj", "{C47EFC92-5EF5-4BD0-A8A4-6FCFDD6988F7}"
EndProject
Global
	GlobalSection(SolutionConfigurationPlatforms) = preSolution
		Debug|Any CPU = Debug|Any CPU
		Release|Any CPU = Release|Any CPU
	EndGlobalSection
	GlobalSection(ProjectConfigurationPlatforms) = postSolution
		{C47EFC92-5EF5-4BD0-A8A4-6FCFDD6988F7}.Debug|Any CPU.ActiveCfg = Debug|Any CPU
		{C47EFC92-5EF5-4BD0-A8A4-6FCFDD6988F7}.Debug|Any CPU.Build.0 = Debug|Any CPU
		{C47EFC92-5EF5-4BD0-A8A4-6FCFDD6988F7}.Release|Any CPU.ActiveCfg = Release|Any CPU
		{C47EFC92-5EF5-4BD0-A8A4-6FCFDD6988F7}.Release|Any CPU.Build.0 = Release|Any CPU
	EndGlobalSection
	GlobalSection(SolutionProperties) = preSolution
		HideSolutionNode = FALSE
	EndGlobalSection
	GlobalSection(ExtensibilityGlobals) = postSolution
		SolutionGuid = {14409F08-FC9D-46CC-9C5C-242A02CABFE7}
	EndGlobalSection
EndGlobal
